
Microsoft Visual Studio Solution File, Format Version 12.00
# Visual Studio Version 16
VisualStudioVersion = 16.0.30907.101
MinimumVisualStudioVersion = 10.0.40219.1
Project("{FAE04EC0-301F-11D3-BF4B-00C04F79EFBC}") = "PlayersManagerLib", "PlayersManagerLib.csproj", "{D92619D2-3C5D-4742-B34B-D471E33BEEEC}"
EndProject
Project("{FAE04EC0-301F-11D3-BF4B-00C04F79EFBC}") = "PlayerManagerTests", "..\PlayerManagerTests\PlayerManagerTests.csproj", "{4DC9830B-E3B5-4671-B2EB-428ECA159CB8}"
EndProject
Global
	GlobalSection(SolutionConfigurationPlatforms) = preSolution
		Debug|Any CPU = Debug|Any CPU
		Release|Any CPU = Release|Any CPU
	EndGlobalSection
	GlobalSection(ProjectConfigurationPlatforms) = postSolution
		{D92619D2-3C5D-4742-B34B-D471E33BEEEC}.Debug|Any CPU.ActiveCfg = Debug|Any CPU
		{D92619D2-3C5D-4742-B34B-D471E33BEEEC}.Debug|Any CPU.Build.0 = Debug|Any CPU
		{D92619D2-3C5D-4742-B34B-D471E33BEEEC}.Release|Any CPU.ActiveCfg = Release|Any CPU
		{D92619D2-3C5D-4742-B34B-D471E33BEEEC}.Release|Any CPU.Build.0 = Release|Any CPU
		{4DC9830B-E3B5-4671-B2EB-428ECA159CB8}.Debug|Any CPU.ActiveCfg = Debug|Any CPU
		{4DC9830B-E3B5-4671-B2EB-428ECA159CB8}.Debug|Any CPU.Build.0 = Debug|Any CPU
		{4DC9830B-E3B5-4671-B2EB-428ECA159CB8}.Release|Any CPU.ActiveCfg = Release|Any CPU
		{4DC9830B-E3B5-4671-B2EB-428ECA159CB8}.Release|Any CPU.Build.0 = Release|Any CPU
	EndGlobalSection
	GlobalSection(SolutionProperties) = preSolution
		HideSolutionNode = FALSE
	EndGlobalSection
	GlobalSection(ExtensibilityGlobals) = postSolution
		SolutionGuid = {0E00190F-9405-4BB9-ACA3-26E6B3E64BEF}
	EndGlobalSection
EndGlobal
