
Microsoft Visual Studio Solution File, Format Version 12.00
# Visual Studio Version 16
VisualStudioVersion = 16.0.30907.101
MinimumVisualStudioVersion = 10.0.40219.1
Project("{FAE04EC0-301F-11D3-BF4B-00C04F79EFBC}") = "ASP_CORE_LOG4NET", "ASP_CORE_LOG4NET.csproj", "{DBD21244-10AA-43B9-BC4A-99B8E0599A57}"
EndProject
Global
	GlobalSection(SolutionConfigurationPlatforms) = preSolution
		Debug|Any CPU = Debug|Any CPU
		Release|Any CPU = Release|Any CPU
	EndGlobalSection
	GlobalSection(ProjectConfigurationPlatforms) = postSolution
		{DBD21244-10AA-43B9-BC4A-99B8E0599A57}.Debug|Any CPU.ActiveCfg = Debug|Any CPU
		{DBD21244-10AA-43B9-BC4A-99B8E0599A57}.Debug|Any CPU.Build.0 = Debug|Any CPU
		{DBD21244-10AA-43B9-BC4A-99B8E0599A57}.Release|Any CPU.ActiveCfg = Release|Any CPU
		{DBD21244-10AA-43B9-BC4A-99B8E0599A57}.Release|Any CPU.Build.0 = Release|Any CPU
	EndGlobalSection
	GlobalSection(SolutionProperties) = preSolution
		HideSolutionNode = FALSE
	EndGlobalSection
	GlobalSection(ExtensibilityGlobals) = postSolution
		SolutionGuid = {41CA6DD4-ABF5-4D96-9E71-05A63B07EAAB}
	EndGlobalSection
EndGlobal
