
Microsoft Visual Studio Solution File, Format Version 12.00
# Visual Studio Version 16
VisualStudioVersion = 16.0.30907.101
MinimumVisualStudioVersion = 10.0.40219.1
Project("{FAE04EC0-301F-11D3-BF4B-00C04F79EFBC}") = "MediatorDPHandsOn7", "MediatorDPHandsOn7.csproj", "{4D28C1DF-0F37-49C4-B655-4B908D369249}"
EndProject
Global
	GlobalSection(SolutionConfigurationPlatforms) = preSolution
		Debug|Any CPU = Debug|Any CPU
		Release|Any CPU = Release|Any CPU
	EndGlobalSection
	GlobalSection(ProjectConfigurationPlatforms) = postSolution
		{4D28C1DF-0F37-49C4-B655-4B908D369249}.Debug|Any CPU.ActiveCfg = Debug|Any CPU
		{4D28C1DF-0F37-49C4-B655-4B908D369249}.Debug|Any CPU.Build.0 = Debug|Any CPU
		{4D28C1DF-0F37-49C4-B655-4B908D369249}.Release|Any CPU.ActiveCfg = Release|Any CPU
		{4D28C1DF-0F37-49C4-B655-4B908D369249}.Release|Any CPU.Build.0 = Release|Any CPU
	EndGlobalSection
	GlobalSection(SolutionProperties) = preSolution
		HideSolutionNode = FALSE
	EndGlobalSection
	GlobalSection(ExtensibilityGlobals) = postSolution
		SolutionGuid = {E1A049E5-4243-48B8-8072-0AAB4F6A76AF}
	EndGlobalSection
EndGlobal
