
Microsoft Visual Studio Solution File, Format Version 12.00
# Visual Studio Version 16
VisualStudioVersion = 16.0.30907.101
MinimumVisualStudioVersion = 10.0.40219.1
Project("{FAE04EC0-301F-11D3-BF4B-00C04F79EFBC}") = "Nunit2", "Nunit2.csproj", "{CF3F43A5-C35A-43DD-8E1F-3452469F3BC0}"
EndProject
Project("{FAE04EC0-301F-11D3-BF4B-00C04F79EFBC}") = "CalculatorLib", "..\CalculatorLib\CalculatorLib.csproj", "{0AB17F41-B688-4BE8-9EC3-6BA8507F1995}"
EndProject
Global
	GlobalSection(SolutionConfigurationPlatforms) = preSolution
		Debug|Any CPU = Debug|Any CPU
		Release|Any CPU = Release|Any CPU
	EndGlobalSection
	GlobalSection(ProjectConfigurationPlatforms) = postSolution
		{CF3F43A5-C35A-43DD-8E1F-3452469F3BC0}.Debug|Any CPU.ActiveCfg = Debug|Any CPU
		{CF3F43A5-C35A-43DD-8E1F-3452469F3BC0}.Debug|Any CPU.Build.0 = Debug|Any CPU
		{CF3F43A5-C35A-43DD-8E1F-3452469F3BC0}.Release|Any CPU.ActiveCfg = Release|Any CPU
		{CF3F43A5-C35A-43DD-8E1F-3452469F3BC0}.Release|Any CPU.Build.0 = Release|Any CPU
		{0AB17F41-B688-4BE8-9EC3-6BA8507F1995}.Debug|Any CPU.ActiveCfg = Debug|Any CPU
		{0AB17F41-B688-4BE8-9EC3-6BA8507F1995}.Debug|Any CPU.Build.0 = Debug|Any CPU
		{0AB17F41-B688-4BE8-9EC3-6BA8507F1995}.Release|Any CPU.ActiveCfg = Release|Any CPU
		{0AB17F41-B688-4BE8-9EC3-6BA8507F1995}.Release|Any CPU.Build.0 = Release|Any CPU
	EndGlobalSection
	GlobalSection(SolutionProperties) = preSolution
		HideSolutionNode = FALSE
	EndGlobalSection
	GlobalSection(ExtensibilityGlobals) = postSolution
		SolutionGuid = {3A4E7112-246B-4AE7-A33E-AD68A2A04724}
	EndGlobalSection
EndGlobal
